
Microsoft Visual Studio Solution File, Format Version 12.00
# Visual Studio 15
VisualStudioVersion = 15.0.26730.8
MinimumVisualStudioVersion = 10.0.40219.1
Project("{FAE04EC0-301F-11D3-BF4B-00C04F79EFBC}") = "NetCore20Simple0001", "NetCore20Simple0001\NetCore20Simple0001.csproj", "{26131E35-14A6-4C83-B745-FA3B6E4691EA}"
EndProject
Global
	GlobalSection(SolutionConfigurationPlatforms) = preSolution
		Debug|Any CPU = Debug|Any CPU
		Release|Any CPU = Release|Any CPU
	EndGlobalSection
	GlobalSection(ProjectConfigurationPlatforms) = postSolution
		{26131E35-14A6-4C83-B745-FA3B6E4691EA}.Debug|Any CPU.ActiveCfg = Debug|Any CPU
		{26131E35-14A6-4C83-B745-FA3B6E4691EA}.Debug|Any CPU.Build.0 = Debug|Any CPU
		{26131E35-14A6-4C83-B745-FA3B6E4691EA}.Release|Any CPU.ActiveCfg = Release|Any CPU
		{26131E35-14A6-4C83-B745-FA3B6E4691EA}.Release|Any CPU.Build.0 = Release|Any CPU
	EndGlobalSection
	GlobalSection(SolutionProperties) = preSolution
		HideSolutionNode = FALSE
	EndGlobalSection
	GlobalSection(ExtensibilityGlobals) = postSolution
		SolutionGuid = {B8ADF52E-E294-4E1D-AE39-C366FF21BF42}
	EndGlobalSection
EndGlobal
